gui:
  title: '&f &f'
items:
  Material-1:
    type: SELL_ONLY
    material: GRANITE
    priceType: Coins
    customModelData: -1
    value: 0.37
    median: 1.0
    stock: -1.0
    previousPrice: 0.37
  Material-2:
    type: SELL_ONLY
    material: DIORITE
    priceType: Coins
    customModelData: -1
    value: 0.34
    median: 1.0
    stock: -1.0
    previousPrice: 0.34
  Material-3:
    type: SELL_ONLY
    material: ANDESITE
    priceType: Coins
    customModelData: -1
    value: 0.37
    median: 1.0
    stock: -1.0
    previousPrice: 0.37
  Material-4:
    type: NORMAL
    material: PODZOL
    priceType: Coins
    customModelData: -1
    value: 22500.0
    median: 1.0
    stock: 10000.0
    previousPrice: 2.25
  Material-5:
    type: NORMAL
    material: CRIMSON_NYLIUM
    priceType: Coins
    customModelData: -1
    value: 27000.0
    median: 1.0
    stock: 10000.0
    previousPrice: 2.7
  Material-6:
    type: NORMAL
    material: WARPED_NYLIUM
    priceType: Coins
    customModelData: -1
    value: 27000.0
    median: 1.0
    stock: 10000.0
    previousPrice: 2.7
  Material-7:
    type: NORMAL
    material: OAK_WOOD
    priceType: Coins
    customModelData: -1
    value: 50000.0
    median: 1.0
    stock: 10000.0
    previousPrice: 5.0
  Material-8:
    type: NORMAL
    material: SPRUCE_WOOD
    priceType: Coins
    customModelData: -1
    value: 50000.0
    median: 1.0
    stock: 10000.0
    previousPrice: 5.0
  Material-9:
    type: NORMAL
    material: BIRCH_WOOD
    priceType: Coins
    customModelData: -1
    value: 50000.0
    median: 1.0
    stock: 10000.0
    previousPrice: 5.0
  Material-10:
    type: NORMAL
    material: JUNGLE_WOOD
    priceType: Coins
    customModelData: -1
    value: 50000.0
    median: 1.0
    stock: 10000.0
    previousPrice: 5.0
  Material-11:
    type: NORMAL
    material: ACACIA_WOOD
    priceType: Coins
    customModelData: -1
    value: 50000.0
    median: 1.0
    stock: 10000.0
    previousPrice: 5.0
  Material-12:
    type: NORMAL
    material: DARK_OAK_WOOD
    priceType: Coins
    customModelData: -1
    value: 50000.0
    median: 1.0
    stock: 10000.0
    previousPrice: 5.0
  Material-13:
    type: NORMAL
    material: MANGROVE_WOOD
    priceType: Coins
    customModelData: -1
    value: 50000.0
    median: 1.0
    stock: 10000.0
    previousPrice: 5.0
  Material-14:
    type: NORMAL
    material: SPONGE
    priceType: Coins
    customModelData: -1
    value: 750000.0
    median: 1.0
    stock: 5000.0
    previousPrice: 150.0
  Material-15:
    type: NORMAL
    material: MOSSY_COBBLESTONE
    priceType: Coins
    customModelData: -1
    value: 15000.0
    median: 1.0
    stock: 10000.0
    previousPrice: 1.5
  Material-16:
    type: NORMAL
    material: GLOWSTONE
    priceType: Coins
    customModelData: -1
    value: 75000.0
    median: 1.0
    stock: 5000.0
    previousPrice: 15.0
  Material-17:
    type: NORMAL
    material: PRISMARINE
    priceType: Coins
    customModelData: -1
    value: 27500.0
    median: 1.0
    stock: 5000.0
    previousPrice: 5.5
  Material-18:
    type: NORMAL
    material: PRISMARINE_BRICKS
    priceType: Coins
    customModelData: -1
    value: 27500.0
    median: 1.0
    stock: 5000.0
    previousPrice: 5.5
  Material-19:
    type: NORMAL
    material: DARK_PRISMARINE
    priceType: Coins
    customModelData: -1
    value: 27500.0
    median: 1.0
    stock: 5000.0
    previousPrice: 5.5
  Material-20:
    type: NORMAL
    material: SEA_LANTERN
    priceType: Coins
    customModelData: -1
    value: 32700.0
    median: 1.0
    stock: 5000.0
    previousPrice: 6.54
  Material-21:
    type: NORMAL
    material: OBSIDIAN
    priceType: Coins
    customModelData: -1
    value: 28350.0
    median: 1.0
    stock: 5000.0
    previousPrice: 5.67
  Material-22:
    type: NORMAL
    material: CRYING_OBSIDIAN
    priceType: Coins
    customModelData: -1
    value: 725000.0
    median: 1.0
    stock: 5000.0
    previousPrice: 145.0
  Material-23:
    type: NORMAL
    material: MYCELIUM
    priceType: Coins
    customModelData: -1
    value: 90000.0
    median: 1.0
    stock: 20000.0
    previousPrice: 4.5
  Material-24:
    type: NORMAL
    material: SHROOMLIGHT
    priceType: Coins
    customModelData: -1
    value: 10000.0
    median: 1.0
    stock: 1000.0
    previousPrice: 10.0
  Material-25:
    type: BUY_ONLY
    material: HOPPER
    priceType: Coins
    customModelData: -1
    value: 10000.0
    median: 1.0
    stock: -1
  Material-26:
    type: BUY_ONLY
    material: BEACON
    priceType: Coins
    customModelData: -1
    value: 50000.0
    median: 1.0
    stock: -1
  Material-27:
    type: NORMAL
    material: WHITE_WOOL
    priceType: Coins
    customModelData: -1
    value: 10000.0
    median: 5.0
    stock: 10000
  Material-28:
    type: NORMAL
    material: ORANGE_WOOL
    priceType: Coins
    customModelData: -1
    value: 10000.0
    median: 5.0
    stock: 10000
  Material-29:
    type: NORMAL
    material: MAGENTA_WOOL
    priceType: Coins
    customModelData: -1
    value: 10000.0
    median: 5.0
    stock: 10000
  Material-30:
    type: NORMAL
    material: LIGHT_BLUE_WOOL
    priceType: Coins
    customModelData: -1
    value: 10000.0
    median: 5.0
    stock: 10000
  Material-31:
    type: NORMAL
    material: YELLOW_WOOL
    priceType: Coins
    customModelData: -1
    value: 10000.0
    median: 5.0
    stock: 10000
  Material-32:
    type: NORMAL
    material: LIME_WOOL
    priceType: Coins
    customModelData: -1
    value: 10000.0
    median: 5.0
    stock: 10000
  Material-33:
    type: NORMAL
    material: PINK_WOOL
    priceType: Coins
    customModelData: -1
    value: 10000.0
    median: 5.0
    stock: 10000
  Material-34:
    type: NORMAL
    material: GRAY_WOOL
    priceType: Coins
    customModelData: -1
    value: 10000.0
    median: 5.0
    stock: 10000
  Material-35:
    type: NORMAL
    material: LIGHT_GRAY_WOOL
    priceType: Coins
    customModelData: -1
    value: 10000.0
    median: 5.0
    stock: 10000
  Material-36:
    type: NORMAL
    material: LIGHT_GRAY_WOOL
    priceType: Coins
    customModelData: -1
    value: 10000.0
    median: 5.0
    stock: 10000
  Material-37:
    type: NORMAL
    material: CYAN_WOOL
    priceType: Coins
    customModelData: -1
    value: 10000.0
    median: 5.0
    stock: 10000
  Material-38:
    type: NORMAL
    material: PURPLE_WOOL
    priceType: Coins
    customModelData: -1
    value: 10000.0
    median: 5.0
    stock: 10000
  Material-39:
    type: NORMAL
    material: BLUE_WOOL
    priceType: Coins
    customModelData: -1
    value: 10000.0
    median: 5.0
    stock: 10000
  Material-40:
    type: NORMAL
    material: BROWN_WOOL
    priceType: Coins
    customModelData: -1
    value: 10000.0
    median: 5.0
    stock: 10000
  Material-41:
    type: NORMAL
    material: GREEN_WOOL
    priceType: Coins
    customModelData: -1
    value: 10000.0
    median: 5.0
    stock: 10000
  Material-42:
    type: NORMAL
    material: RED_WOOL
    priceType: Coins
    customModelData: -1
    value: 10000.0
    median: 5.0
    stock: 10000
  Material-43:
    type: NORMAL
    material: BLACK_WOOL
    priceType: Coins
    customModelData: -1
    value: 10000.0
    median: 5.0
    stock: 10000
